
Microsoft Visual Studio Solution File, Format Version 12.00
# Visual Studio Version 17
VisualStudioVersion = 17.5.33627.172
MinimumVisualStudioVersion = 10.0.40219.1
Project("{8BC9CEB8-8B4A-11D0-8D11-00A0C91BC942}") = "auto_clicker", "auto_clicker\auto_clicker.vcxproj", "{F73D4779-86A8-4EA5-B276-16EC03533176}"
EndProject
Global
	GlobalSection(SolutionConfigurationPlatforms) = preSolution
		Debug|x64 = Debug|x64
		Debug|x86 = Debug|x86
		Release|x64 = Release|x64
		Release|x86 = Release|x86
	EndGlobalSection
	GlobalSection(ProjectConfigurationPlatforms) = postSolution
		{F73D4779-86A8-4EA5-B276-16EC03533176}.Debug|x64.ActiveCfg = Debug|x64
		{F73D4779-86A8-4EA5-B276-16EC03533176}.Debug|x64.Build.0 = Debug|x64
		{F73D4779-86A8-4EA5-B276-16EC03533176}.Debug|x86.ActiveCfg = Debug|Win32
		{F73D4779-86A8-4EA5-B276-16EC03533176}.Debug|x86.Build.0 = Debug|Win32
		{F73D4779-86A8-4EA5-B276-16EC03533176}.Release|x64.ActiveCfg = Release|x64
		{F73D4779-86A8-4EA5-B276-16EC03533176}.Release|x64.Build.0 = Release|x64
		{F73D4779-86A8-4EA5-B276-16EC03533176}.Release|x86.ActiveCfg = Release|Win32
		{F73D4779-86A8-4EA5-B276-16EC03533176}.Release|x86.Build.0 = Release|Win32
	EndGlobalSection
	GlobalSection(SolutionProperties) = preSolution
		HideSolutionNode = FALSE
	EndGlobalSection
	GlobalSection(ExtensibilityGlobals) = postSolution
		SolutionGuid = {964567E8-DE43-4326-8658-2365D14764A7}
	EndGlobalSection
EndGlobal
